Microsoft Visual Studio Solution File, Format Version 9.00
# Visual Studio 2005
Project("{8BC9CEB8-8B4A-11D0-8D11-00A0C91BC942}") = "ObfuscatorEngine20", "ObfuscatorEngine20.vcproj", "{C089E9E1-BC3C-4942-9FF7-D38C24B5EBA1}"
EndProject
Global
	GlobalSection(SolutionConfigurationPlatforms) = preSolution
		Debug|Any CPU = Debug|Any CPU
		Debug|Mixed Platforms = Debug|Mixed Platforms
		Debug|Win32 = Debug|Win32
		Distribution|Any CPU = Distribution|Any CPU
		Distribution|Mixed Platforms = Distribution|Mixed Platforms
		Distribution|Win32 = Distribution|Win32
		Release|Any CPU = Release|Any CPU
		Release|Mixed Platforms = Release|Mixed Platforms
		Release|Win32 = Release|Win32
	EndGlobalSection
	GlobalSection(ProjectConfigurationPlatforms) = postSolution
		{C089E9E1-BC3C-4942-9FF7-D38C24B5EBA1}.Debug|Any CPU.ActiveCfg = Debug|Win32
		{C089E9E1-BC3C-4942-9FF7-D38C24B5EBA1}.Debug|Mixed Platforms.ActiveCfg = Debug|Win32
		{C089E9E1-BC3C-4942-9FF7-D38C24B5EBA1}.Debug|Mixed Platforms.Build.0 = Debug|Win32
		{C089E9E1-BC3C-4942-9FF7-D38C24B5EBA1}.Debug|Win32.ActiveCfg = Debug|Win32
		{C089E9E1-BC3C-4942-9FF7-D38C24B5EBA1}.Debug|Win32.Build.0 = Debug|Win32
		{C089E9E1-BC3C-4942-9FF7-D38C24B5EBA1}.Distribution|Any CPU.ActiveCfg = Distribution|Win32
		{C089E9E1-BC3C-4942-9FF7-D38C24B5EBA1}.Distribution|Mixed Platforms.ActiveCfg = Distribution|Win32
		{C089E9E1-BC3C-4942-9FF7-D38C24B5EBA1}.Distribution|Mixed Platforms.Build.0 = Distribution|Win32
		{C089E9E1-BC3C-4942-9FF7-D38C24B5EBA1}.Distribution|Win32.ActiveCfg = Distribution|Win32
		{C089E9E1-BC3C-4942-9FF7-D38C24B5EBA1}.Distribution|Win32.Build.0 = Distribution|Win32
		{C089E9E1-BC3C-4942-9FF7-D38C24B5EBA1}.Release|Any CPU.ActiveCfg = Release|Win32
		{C089E9E1-BC3C-4942-9FF7-D38C24B5EBA1}.Release|Mixed Platforms.ActiveCfg = Release|Win32
		{C089E9E1-BC3C-4942-9FF7-D38C24B5EBA1}.Release|Mixed Platforms.Build.0 = Release|Win32
		{C089E9E1-BC3C-4942-9FF7-D38C24B5EBA1}.Release|Win32.ActiveCfg = Release|Win32
		{C089E9E1-BC3C-4942-9FF7-D38C24B5EBA1}.Release|Win32.Build.0 = Release|Win32
	EndGlobalSection
	GlobalSection(SolutionProperties) = preSolution
		HideSolutionNode = FALSE
	EndGlobalSection
EndGlobal
