
Microsoft Visual Studio Solution File, Format Version 9.00
# Visual C# Express 2005
Project("{FAE04EC0-301F-11D3-BF4B-00C04F79EFBC}") = "DCT", "DCT\DCT.csproj", "{AC24DB62-B169-4418-9029-A49308BAD649}"
EndProject
Project("{FAE04EC0-301F-11D3-BF4B-00C04F79EFBC}") = "DCT.Deployment", "DCT.Deployment\DCT.Deployment.csproj", "{CBABE95F-64B0-407C-87FB-795FB52A9E7C}"
EndProject
Project("{FAE04EC0-301F-11D3-BF4B-00C04F79EFBC}") = "DCT.Polyengine", "DCT.Polyengine\DCT.Polyengine.csproj", "{F953BE7B-09A2-4559-9B63-54E9BAA6FF73}"
EndProject
Global
	GlobalSection(SolutionConfigurationPlatforms) = preSolution
		Debug|Any CPU = Debug|Any CPU
		Release|Any CPU = Release|Any CPU
	EndGlobalSection
	GlobalSection(ProjectConfigurationPlatforms) = postSolution
		{AC24DB62-B169-4418-9029-A49308BAD649}.Debug|Any CPU.ActiveCfg = Debug|Any CPU
		{AC24DB62-B169-4418-9029-A49308BAD649}.Debug|Any CPU.Build.0 = Debug|Any CPU
		{AC24DB62-B169-4418-9029-A49308BAD649}.Release|Any CPU.ActiveCfg = Release|Any CPU
		{AC24DB62-B169-4418-9029-A49308BAD649}.Release|Any CPU.Build.0 = Release|Any CPU
		{CBABE95F-64B0-407C-87FB-795FB52A9E7C}.Debug|Any CPU.ActiveCfg = Debug|Any CPU
		{CBABE95F-64B0-407C-87FB-795FB52A9E7C}.Debug|Any CPU.Build.0 = Debug|Any CPU
		{CBABE95F-64B0-407C-87FB-795FB52A9E7C}.Release|Any CPU.ActiveCfg = Release|Any CPU
		{CBABE95F-64B0-407C-87FB-795FB52A9E7C}.Release|Any CPU.Build.0 = Release|Any CPU
		{F953BE7B-09A2-4559-9B63-54E9BAA6FF73}.Debug|Any CPU.ActiveCfg = Debug|Any CPU
		{F953BE7B-09A2-4559-9B63-54E9BAA6FF73}.Debug|Any CPU.Build.0 = Debug|Any CPU
		{F953BE7B-09A2-4559-9B63-54E9BAA6FF73}.Release|Any CPU.ActiveCfg = Release|Any CPU
		{F953BE7B-09A2-4559-9B63-54E9BAA6FF73}.Release|Any CPU.Build.0 = Release|Any CPU
	EndGlobalSection
	GlobalSection(SolutionProperties) = preSolution
		HideSolutionNode = FALSE
	EndGlobalSection
EndGlobal
